
Microsoft Visual Studio Solution File, Format Version 12.00
# Visual Studio Version 17
VisualStudioVersion = 17.0.32112.339
MinimumVisualStudioVersion = 10.0.40219.1
Project("{FAE04EC0-301F-11D3-BF4B-00C04F79EFBC}") = "Suma", "Suma\Suma.csproj", "{65100239-46A6-4742-BF84-5BA2AEA9B5B2}"
EndProject
Project("{FAE04EC0-301F-11D3-BF4B-00C04F79EFBC}") = "Resta", "Resta\Resta.csproj", "{F4AF79EF-4CB9-43A0-816B-A5C804806A7C}"
EndProject
Project("{FAE04EC0-301F-11D3-BF4B-00C04F79EFBC}") = "Multiplicacion", "Multiplicacion\Multiplicacion.csproj", "{0A57AAE7-993B-4CE0-8BCE-D359D46DE4FD}"
EndProject
Project("{FAE04EC0-301F-11D3-BF4B-00C04F79EFBC}") = "Division", "Division\Division.csproj", "{D8C3E7A4-7D36-42A4-BAF3-6C3B56C28511}"
EndProject
Global
	GlobalSection(SolutionConfigurationPlatforms) = preSolution
		Debug|Any CPU = Debug|Any CPU
		Release|Any CPU = Release|Any CPU
	EndGlobalSection
	GlobalSection(ProjectConfigurationPlatforms) = postSolution
		{65100239-46A6-4742-BF84-5BA2AEA9B5B2}.Debug|Any CPU.ActiveCfg = Debug|Any CPU
		{65100239-46A6-4742-BF84-5BA2AEA9B5B2}.Debug|Any CPU.Build.0 = Debug|Any CPU
		{65100239-46A6-4742-BF84-5BA2AEA9B5B2}.Release|Any CPU.ActiveCfg = Release|Any CPU
		{65100239-46A6-4742-BF84-5BA2AEA9B5B2}.Release|Any CPU.Build.0 = Release|Any CPU
		{F4AF79EF-4CB9-43A0-816B-A5C804806A7C}.Debug|Any CPU.ActiveCfg = Debug|Any CPU
		{F4AF79EF-4CB9-43A0-816B-A5C804806A7C}.Debug|Any CPU.Build.0 = Debug|Any CPU
		{F4AF79EF-4CB9-43A0-816B-A5C804806A7C}.Release|Any CPU.ActiveCfg = Release|Any CPU
		{F4AF79EF-4CB9-43A0-816B-A5C804806A7C}.Release|Any CPU.Build.0 = Release|Any CPU
		{0A57AAE7-993B-4CE0-8BCE-D359D46DE4FD}.Debug|Any CPU.ActiveCfg = Debug|Any CPU
		{0A57AAE7-993B-4CE0-8BCE-D359D46DE4FD}.Debug|Any CPU.Build.0 = Debug|Any CPU
		{0A57AAE7-993B-4CE0-8BCE-D359D46DE4FD}.Release|Any CPU.ActiveCfg = Release|Any CPU
		{0A57AAE7-993B-4CE0-8BCE-D359D46DE4FD}.Release|Any CPU.Build.0 = Release|Any CPU
		{D8C3E7A4-7D36-42A4-BAF3-6C3B56C28511}.Debug|Any CPU.ActiveCfg = Debug|Any CPU
		{D8C3E7A4-7D36-42A4-BAF3-6C3B56C28511}.Debug|Any CPU.Build.0 = Debug|Any CPU
		{D8C3E7A4-7D36-42A4-BAF3-6C3B56C28511}.Release|Any CPU.ActiveCfg = Release|Any CPU
		{D8C3E7A4-7D36-42A4-BAF3-6C3B56C28511}.Release|Any CPU.Build.0 = Release|Any CPU
	EndGlobalSection
	GlobalSection(SolutionProperties) = preSolution
		HideSolutionNode = FALSE
	EndGlobalSection
	GlobalSection(ExtensibilityGlobals) = postSolution
		SolutionGuid = {DAA47FBD-7EA0-4145-BE76-4D04AD25AAD4}
	EndGlobalSection
EndGlobal
